
Microsoft Visual Studio Solution File, Format Version 12.00
# Visual Studio Version 17
VisualStudioVersion = 17.5.002.0
MinimumVisualStudioVersion = 10.0.40219.1
Project("{9A19103F-16F7-4668-BE54-9A1E7A4F7556}") = "AzureFunctions1", "AzureFunctions1.csproj", "{C14121BF-6F7A-46C4-B4B2-4419F84C208E}"
EndProject
Global
	GlobalSection(SolutionConfigurationPlatforms) = preSolution
		Debug|Any CPU = Debug|Any CPU
		Release|Any CPU = Release|Any CPU
	EndGlobalSection
	GlobalSection(ProjectConfigurationPlatforms) = postSolution
		{C14121BF-6F7A-46C4-B4B2-4419F84C208E}.Debug|Any CPU.ActiveCfg = Debug|Any CPU
		{C14121BF-6F7A-46C4-B4B2-4419F84C208E}.Debug|Any CPU.Build.0 = Debug|Any CPU
		{C14121BF-6F7A-46C4-B4B2-4419F84C208E}.Release|Any CPU.ActiveCfg = Release|Any CPU
		{C14121BF-6F7A-46C4-B4B2-4419F84C208E}.Release|Any CPU.Build.0 = Release|Any CPU
	EndGlobalSection
	GlobalSection(SolutionProperties) = preSolution
		HideSolutionNode = FALSE
	EndGlobalSection
	GlobalSection(ExtensibilityGlobals) = postSolution
		SolutionGuid = {28B56502-8106-4C96-8DD2-1BF61D184F39}
	EndGlobalSection
EndGlobal
